
Microsoft Visual Studio Solution File, Format Version 12.00
# Visual Studio 15
VisualStudioVersion = 15.0.28307.1062
MinimumVisualStudioVersion = 10.0.40219.1
Project("{FAE04EC0-301F-11D3-BF4B-00C04F79EFBC}") = "ClasesBase", "ClasesBase\ClasesBase.csproj", "{4EDB9511-01DE-4902-B649-B0F685861F61}"
EndProject
Project("{FAE04EC0-301F-11D3-BF4B-00C04F79EFBC}") = "Vistas", "Vistas\Vistas.csproj", "{3C853540-FE8C-4C81-AFBC-D2A6CE744CD8}"
EndProject
Global
	GlobalSection(SolutionConfigurationPlatforms) = preSolution
		Debug|Any CPU = Debug|Any CPU
		Release|Any CPU = Release|Any CPU
	EndGlobalSection
	GlobalSection(ProjectConfigurationPlatforms) = postSolution
		{4EDB9511-01DE-4902-B649-B0F685861F61}.Debug|Any CPU.ActiveCfg = Debug|Any CPU
		{4EDB9511-01DE-4902-B649-B0F685861F61}.Debug|Any CPU.Build.0 = Debug|Any CPU
		{4EDB9511-01DE-4902-B649-B0F685861F61}.Release|Any CPU.ActiveCfg = Release|Any CPU
		{4EDB9511-01DE-4902-B649-B0F685861F61}.Release|Any CPU.Build.0 = Release|Any CPU
		{3C853540-FE8C-4C81-AFBC-D2A6CE744CD8}.Debug|Any CPU.ActiveCfg = Debug|Any CPU
		{3C853540-FE8C-4C81-AFBC-D2A6CE744CD8}.Debug|Any CPU.Build.0 = Debug|Any CPU
		{3C853540-FE8C-4C81-AFBC-D2A6CE744CD8}.Release|Any CPU.ActiveCfg = Release|Any CPU
		{3C853540-FE8C-4C81-AFBC-D2A6CE744CD8}.Release|Any CPU.Build.0 = Release|Any CPU
	EndGlobalSection
	GlobalSection(SolutionProperties) = preSolution
		HideSolutionNode = FALSE
	EndGlobalSection
	GlobalSection(ExtensibilityGlobals) = postSolution
		SolutionGuid = {FFA40401-5A7F-4310-B07B-4D39C51CFB68}
	EndGlobalSection
EndGlobal
